
Microsoft Visual Studio Solution File, Format Version 12.00
# Visual Studio Version 16
VisualStudioVersion = 16.0.30523.141
MinimumVisualStudioVersion = 10.0.40219.1
Project("{FAE04EC0-301F-11D3-BF4B-00C04F79EFBC}") = "SeewoHelper", "SeewoHelper\SeewoHelper.csproj", "{84FC0603-FD33-45D1-8749-4AEC1FC5D792}"
EndProject
Global
	GlobalSection(SolutionConfigurationPlatforms) = preSolution
		Debug|Any CPU = Debug|Any CPU
		Release|Any CPU = Release|Any CPU
	EndGlobalSection
	GlobalSection(ProjectConfigurationPlatforms) = postSolution
		{84FC0603-FD33-45D1-8749-4AEC1FC5D792}.Debug|Any CPU.ActiveCfg = Debug|Any CPU
		{84FC0603-FD33-45D1-8749-4AEC1FC5D792}.Debug|Any CPU.Build.0 = Debug|Any CPU
		{84FC0603-FD33-45D1-8749-4AEC1FC5D792}.Release|Any CPU.ActiveCfg = Release|Any CPU
		{84FC0603-FD33-45D1-8749-4AEC1FC5D792}.Release|Any CPU.Build.0 = Release|Any CPU
	EndGlobalSection
	GlobalSection(SolutionProperties) = preSolution
		HideSolutionNode = FALSE
	EndGlobalSection
	GlobalSection(ExtensibilityGlobals) = postSolution
		SolutionGuid = {BBD58032-0B6C-4182-8CE0-EE1C055F5D4E}
	EndGlobalSection
EndGlobal
